# This file is autogenerated, do not edit; changes may be undone by the next 'dep ensure'.


[[projects]]
  name = "github.com/cloudfoundry/cli"
  packages = [
    "plugin",
    "plugin/fakes",
    "plugin/models",
    "testhelpers/io",
    "testhelpers/rpc_server",
    "testhelpers/rpc_server/fakes"
  ]
  revision = "5df2a5917613bf88663d1059fafa28c15ddfee9d"
  version = "v6.16.1"

[[projects]]
  name = "github.com/onsi/ginkgo"
  packages = [
    ".",
    "config",
    "internal/codelocation",
    "internal/containernode",
    "internal/failer",
    "internal/leafnodes",
    "internal/remote",
    "internal/spec",
    "internal/specrunner",
    "internal/suite",
    "internal/testingtproxy",
    "internal/writer",
    "reporters",
    "reporters/stenographer",
    "types"
  ]
  revision = "1b59c57df76ede42c08590546916e6a18685857d"

[[projects]]
  name = "github.com/onsi/gomega"
  packages = [
    ".",
    "format",
    "gbytes",
    "gexec",
    "ghttp",
    "internal/assertion",
    "internal/asyncassertion",
    "internal/testingtsupport",
    "matchers",
    "matchers/support/goraph/bipartitegraph",
    "matchers/support/goraph/edge",
    "matchers/support/goraph/node",
    "matchers/support/goraph/util",
    "types"
  ]
  revision = "6331bf5a5b5e7a832348789eb3cedff7a6917103"

[solve-meta]
  analyzer-name = "dep"
  analyzer-version = 1
  inputs-digest = "84790f396be89e684d392379c1dc84474ba272e02fd11f6f40ee1a37eef9cc24"
  solver-name = "gps-cdcl"
  solver-version = 1
